Microsoft Visual Studio Solution File, Format Version 12.00
# Visual Studio Version 17
VisualStudioVersion = 17.5.2.0
MinimumVisualStudioVersion = 10.0.40219.1
Project("{FAE04EC0-301F-11D3-BF4B-00C04F79EFBC}") = "monitor", "monitor.csproj", "{1308B5EF-5005-A3D0-B548-2336AD20031F}"
EndProject
Global
	GlobalSection(SolutionConfigurationPlatforms) = preSolution
		Debug|Any CPU = Debug|Any CPU
		Release|Any CPU = Release|Any CPU
	EndGlobalSection
	GlobalSection(ProjectConfigurationPlatforms) = postSolution
		{1308B5EF-5005-A3D0-B548-2336AD20031F}.Debug|Any CPU.ActiveCfg = Debug|Any CPU
		{1308B5EF-5005-A3D0-B548-2336AD20031F}.Debug|Any CPU.Build.0 = Debug|Any CPU
		{1308B5EF-5005-A3D0-B548-2336AD20031F}.Release|Any CPU.ActiveCfg = Release|Any CPU
		{1308B5EF-5005-A3D0-B548-2336AD20031F}.Release|Any CPU.Build.0 = Release|Any CPU
	EndGlobalSection
	GlobalSection(SolutionProperties) = preSolution
		HideSolutionNode = FALSE
	EndGlobalSection
	GlobalSection(ExtensibilityGlobals) = postSolution
		SolutionGuid = {E55994BC-C0DB-4213-AF1B-6F4D2EFA2311}
	EndGlobalSection
EndGlobal
